
Microsoft Visual Studio Solution File, Format Version 11.00
# Visual Studio 2010
Project("{FAE04EC0-301F-11D3-BF4B-00C04F79EFBC}") = "Thumbnailizer", "Thumbnailizer\Thumbnailizer.csproj", "{B9C233D9-4AD4-4FD9-88D9-23E041B7A0E3}"
EndProject
Project("{FAE04EC0-301F-11D3-BF4B-00C04F79EFBC}") = "Thumbnailizer.Pruebas", "Thumbnailizer.Pruebas\Thumbnailizer.Pruebas.csproj", "{8863259F-0688-432D-BD4F-2C2F3588410B}"
EndProject
Project("{2150E333-8FDC-42A3-9474-1A3956D46DE8}") = "Solution Items", "Solution Items", "{40808940-304C-4272-9036-A7A1759556CB}"
	ProjectSection(SolutionItems) = preProject
		Local.testsettings = Local.testsettings
		Thumbnailizer.vsmdi = Thumbnailizer.vsmdi
		TraceAndTestImpact.testsettings = TraceAndTestImpact.testsettings
	EndProjectSection
EndProject
Global
	GlobalSection(TestCaseManagementSettings) = postSolution
		CategoryFile = Thumbnailizer.vsmdi
	EndGlobalSection
	GlobalSection(SolutionConfigurationPlatforms) = preSolution
		Debug|Any CPU = Debug|Any CPU
		Release|Any CPU = Release|Any CPU
	EndGlobalSection
	GlobalSection(ProjectConfigurationPlatforms) = postSolution
		{B9C233D9-4AD4-4FD9-88D9-23E041B7A0E3}.Debug|Any CPU.ActiveCfg = Debug|Any CPU
		{B9C233D9-4AD4-4FD9-88D9-23E041B7A0E3}.Debug|Any CPU.Build.0 = Debug|Any CPU
		{B9C233D9-4AD4-4FD9-88D9-23E041B7A0E3}.Release|Any CPU.ActiveCfg = Release|Any CPU
		{B9C233D9-4AD4-4FD9-88D9-23E041B7A0E3}.Release|Any CPU.Build.0 = Release|Any CPU
		{8863259F-0688-432D-BD4F-2C2F3588410B}.Debug|Any CPU.ActiveCfg = Debug|Any CPU
		{8863259F-0688-432D-BD4F-2C2F3588410B}.Debug|Any CPU.Build.0 = Debug|Any CPU
		{8863259F-0688-432D-BD4F-2C2F3588410B}.Release|Any CPU.ActiveCfg = Release|Any CPU
		{8863259F-0688-432D-BD4F-2C2F3588410B}.Release|Any CPU.Build.0 = Release|Any CPU
	EndGlobalSection
	GlobalSection(SolutionProperties) = preSolution
		HideSolutionNode = FALSE
	EndGlobalSection
EndGlobal
